// !$*UTF8*$!
{
	archiveVersion = 1;
	classes = {
	};
	objectVersion = 46;
	objects = {

/* Begin PBXBuildFile section */
		A25EC49E1F5295290044B846 /* emojilist.txt in Resources */ = {isa = PBXBuildFile; fileRef = A25EC49C1F5295290044B846 /* emojilist.txt */; };
		A25EC49F1F5295290044B846 /* emoji.txt in Resources */ = {isa = PBXBuildFile; fileRef = A25EC49D1F5295290044B846 /* emoji.txt */; };
		A25EC4A31F52BEFD0044B846 /* NSString+RemoveEmoji.m in Sources */ = {isa = PBXBuildFile; fileRef = A25EC4A21F52BEFD0044B846 /* NSString+RemoveEmoji.m */; };
		A292BD991B033E97002DAB71 /* main.m in Sources */ = {isa = PBXBuildFile; fileRef = A292BD981B033E97002DAB71 /* main.m */; };
		A292BD9C1B033E97002DAB71 /* AppDelegate.m in Sources */ = {isa = PBXBuildFile; fileRef = A292BD9B1B033E97002DAB71 /* AppDelegate.m */; };
		A292BDA41B033E97002DAB71 /* Images.xcassets in Resources */ = {isa = PBXBuildFile; fileRef = A292BDA31B033E97002DAB71 /* Images.xcassets */; };
		A292BDA71B033E97002DAB71 /* LaunchScreen.xib in Resources */ = {isa = PBXBuildFile; fileRef = A292BDA51B033E97002DAB71 /* LaunchScreen.xib */; };
		A292BDBF1B033EB3002DAB71 /* RootViewController.m in Sources */ = {isa = PBXBuildFile; fileRef = A292BDBD1B033EB3002DAB71 /* RootViewController.m */; };
		A292BDC01B033EB3002DAB71 /* RootViewController.xib in Resources */ = {isa = PBXBuildFile; fileRef = A292BDBE1B033EB3002DAB71 /* RootViewController.xib */; };
/* End PBXBuildFile section */

/* Begin PBXFileReference section */
		A25EC49C1F5295290044B846 /* emojilist.txt */ = {isa = PBXFileReference; fileEncoding = 4; lastKnownFileType = text; path = emojilist.txt; sourceTree = "<group>"; };
		A25EC49D1F5295290044B846 /* emoji.txt */ = {isa = PBXFileReference; fileEncoding = 4; lastKnownFileType = text; path = emoji.txt; sourceTree = "<group>"; };
		A25EC4A11F52BEFD0044B846 /* NSString+RemoveEmoji.h */ = {isa = PBXFileReference; fileEncoding = 4; lastKnownFileType = sourcecode.c.h; path = "NSString+RemoveEmoji.h"; sourceTree = "<group>"; };
		A25EC4A21F52BEFD0044B846 /* NSString+RemoveEmoji.m */ = {isa = PBXFileReference; fileEncoding = 4; lastKnownFileType = sourcecode.c.objc; path = "NSString+RemoveEmoji.m"; sourceTree = "<group>"; };
		A292BD931B033E97002DAB71 /* NSString-RemoveEmoji.app */ = {isa = PBXFileReference; explicitFileType = wrapper.application; includeInIndex = 0; path = "NSString-RemoveEmoji.app"; sourceTree = BUILT_PRODUCTS_DIR; };
		A292BD971B033E97002DAB71 /* Info.plist */ = {isa = PBXFileReference; lastKnownFileType = text.plist.xml; path = Info.plist; sourceTree = "<group>"; };
		A292BD981B033E97002DAB71 /* main.m */ = {isa = PBXFileReference; lastKnownFileType = sourcecode.c.objc; path = main.m; sourceTree = "<group>"; };
		A292BD9A1B033E97002DAB71 /* AppDelegate.h */ = {isa = PBXFileReference; lastKnownFileType = sourcecode.c.h; path = AppDelegate.h; sourceTree = "<group>"; };
		A292BD9B1B033E97002DAB71 /* AppDelegate.m */ = {isa = PBXFileReference; lastKnownFileType = sourcecode.c.objc; path = AppDelegate.m; sourceTree = "<group>"; };
		A292BDA31B033E97002DAB71 /* Images.xcassets */ = {isa = PBXFileReference; lastKnownFileType = folder.assetcatalog; path = Images.xcassets; sourceTree = "<group>"; };
		A292BDA61B033E97002DAB71 /* Base */ = {isa = PBXFileReference; lastKnownFileType = file.xib; name = Base; path = Base.lproj/LaunchScreen.xib; sourceTree = "<group>"; };
		A292BDBC1B033EB3002DAB71 /* RootViewController.h */ = {isa = PBXFileReference; fileEncoding = 4; lastKnownFileType = sourcecode.c.h; path = RootViewController.h; sourceTree = "<group>"; };
		A292BDBD1B033EB3002DAB71 /* RootViewController.m */ = {isa = PBXFileReference; fileEncoding = 4; lastKnownFileType = sourcecode.c.objc; path = RootViewController.m; sourceTree = "<group>"; };
		A292BDBE1B033EB3002DAB71 /* RootViewController.xib */ = {isa = PBXFileReference; fileEncoding = 4; lastKnownFileType = file.xib; path = RootViewController.xib; sourceTree = "<group>"; };
/* End PBXFileReference section */

/* Begin PBXFrameworksBuildPhase section */
		A292BD901B033E97002DAB71 /* Frameworks */ = {
			isa = PBXFrameworksBuildPhase;
			buildActionMask = 2147483647;
			files = (
			);
			runOnlyForDeploymentPostprocessing = 0;
		};
/* End PBXFrameworksBuildPhase section */

/* Begin PBXGroup section */
		A25EC4A01F52BEFD0044B846 /* NSString-RemoveEmoji */ = {
			isa = PBXGroup;
			children = (
				A25EC4A11F52BEFD0044B846 /* NSString+RemoveEmoji.h */,
				A25EC4A21F52BEFD0044B846 /* NSString+RemoveEmoji.m */,
			);
			path = "NSString-RemoveEmoji";
			sourceTree = "<group>";
		};
		A292BD8A1B033E97002DAB71 = {
			isa = PBXGroup;
			children = (
				A292BD951B033E97002DAB71 /* NSString-RemoveEmoji */,
				A292BD941B033E97002DAB71 /* Products */,
			);
			sourceTree = "<group>";
		};
		A292BD941B033E97002DAB71 /* Products */ = {
			isa = PBXGroup;
			children = (
				A292BD931B033E97002DAB71 /* NSString-RemoveEmoji.app */,
			);
			name = Products;
			sourceTree = "<group>";
		};
		A292BD951B033E97002DAB71 /* NSString-RemoveEmoji */ = {
			isa = PBXGroup;
			children = (
				A25EC4A01F52BEFD0044B846 /* NSString-RemoveEmoji */,
				A292BD9A1B033E97002DAB71 /* AppDelegate.h */,
				A292BD9B1B033E97002DAB71 /* AppDelegate.m */,
				A292BDA31B033E97002DAB71 /* Images.xcassets */,
				A292BDA51B033E97002DAB71 /* LaunchScreen.xib */,
				A25EC49C1F5295290044B846 /* emojilist.txt */,
				A25EC49D1F5295290044B846 /* emoji.txt */,
				A292BDBC1B033EB3002DAB71 /* RootViewController.h */,
				A292BDBD1B033EB3002DAB71 /* RootViewController.m */,
				A292BDBE1B033EB3002DAB71 /* RootViewController.xib */,
				A292BD961B033E97002DAB71 /* Supporting Files */,
			);
			path = "NSString-RemoveEmoji";
			sourceTree = "<group>";
		};
		A292BD961B033E97002DAB71 /* Supporting Files */ = {
			isa = PBXGroup;
			children = (
				A292BD971B033E97002DAB71 /* Info.plist */,
				A292BD981B033E97002DAB71 /* main.m */,
			);
			name = "Supporting Files";
			sourceTree = "<group>";
		};
/* End PBXGroup section */

/* Begin PBXNativeTarget section */
		A292BD921B033E97002DAB71 /* NSString-RemoveEmoji */ = {
			isa = PBXNativeTarget;
			buildConfigurationList = A292BDB61B033E97002DAB71 /* Build configuration list for PBXNativeTarget "NSString-RemoveEmoji" */;
			buildPhases = (
				A292BD8F1B033E97002DAB71 /* Sources */,
				A292BD901B033E97002DAB71 /* Frameworks */,
				A292BD911B033E97002DAB71 /* Resources */,
			);
			buildRules = (
			);
			dependencies = (
			);
			name = "NSString-RemoveEmoji";
			productName = "NSString-RemoveEmoji";
			productReference = A292BD931B033E97002DAB71 /* NSString-RemoveEmoji.app */;
			productType = "com.apple.product-type.application";
		};
/* End PBXNativeTarget section */

/* Begin PBXProject section */
		A292BD8B1B033E97002DAB71 /* Project object */ = {
			isa = PBXProject;
			attributes = {
				LastUpgradeCheck = 0620;
				ORGANIZATIONNAME = Jakey;
				TargetAttributes = {
					A292BD921B033E97002DAB71 = {
						CreatedOnToolsVersion = 6.2;
					};
				};
			};
			buildConfigurationList = A292BD8E1B033E97002DAB71 /* Build configuration list for PBXProject "NSString-RemoveEmoji" */;
			compatibilityVersion = "Xcode 3.2";
			developmentRegion = English;
			hasScannedForEncodings = 0;
			knownRegions = (
				en,
				Base,
			);
			mainGroup = A292BD8A1B033E97002DAB71;
			productRefGroup = A292BD941B033E97002DAB71 /* Products */;
			projectDirPath = "";
			projectRoot = "";
			targets = (
				A292BD921B033E97002DAB71 /* NSString-RemoveEmoji */,
			);
		};
/* End PBXProject section */

/* Begin PBXResourcesBuildPhase section */
		A292BD911B033E97002DAB71 /* Resources */ = {
			isa = PBXResourcesBuildPhase;
			buildActionMask = 2147483647;
			files = (
				A25EC49E1F5295290044B846 /* emojilist.txt in Resources */,
				A292BDA71B033E97002DAB71 /* LaunchScreen.xib in Resources */,
				A292BDA41B033E97002DAB71 /* Images.xcassets in Resources */,
				A292BDC01B033EB3002DAB71 /* RootViewController.xib in Resources */,
				A25EC49F1F5295290044B846 /* emoji.txt in Resources */,
			);
			runOnlyForDeploymentPostprocessing = 0;
		};
/* End PBXResourcesBuildPhase section */

/* Begin PBXSourcesBuildPhase section */
		A292BD8F1B033E97002DAB71 /* Sources */ = {
			isa = PBXSourcesBuildPhase;
			buildActionMask = 2147483647;
			files = (
				A292BD9C1B033E97002DAB71 /* AppDelegate.m in Sources */,
				A292BD991B033E97002DAB71 /* main.m in Sources */,
				A25EC4A31F52BEFD0044B846 /* NSString+RemoveEmoji.m in Sources */,
				A292BDBF1B033EB3002DAB71 /* RootViewController.m in Sources */,
			);
			runOnlyForDeploymentPostprocessing = 0;
		};
/* End PBXSourcesBuildPhase section */

/* Begin PBXVariantGroup section */
		A292BDA51B033E97002DAB71 /* LaunchScreen.xib */ = {
			isa = PBXVariantGroup;
			children = (
				A292BDA61B033E97002DAB71 /* Base */,
			);
			name = LaunchScreen.xib;
			sourceTree = "<group>";
		};
/* End PBXVariantGroup section */

/* Begin XCBuildConfiguration section */
		A292BDB41B033E97002DAB71 /* Debug */ = {
			isa = XCBuildConfiguration;
			buildSettings = {
				ALWAYS_SEARCH_USER_PATHS = NO;
				CLANG_CXX_LANGUAGE_STANDARD = "gnu++0x";
				CLANG_CXX_LIBRARY = "libc++";
				CLANG_ENABLE_MODULES = YES;
				CLANG_ENABLE_OBJC_ARC = YES;
				CLANG_WARN_BOOL_CONVERSION = YES;
				CLANG_WARN_CONSTANT_CONVERSION = YES;
				CLANG_WARN_DIRECT_OBJC_ISA_USAGE = YES_ERROR;
				CLANG_WARN_EMPTY_BODY = YES;
				CLANG_WARN_ENUM_CONVERSION = YES;
				CLANG_WARN_INT_CONVERSION = YES;
				CLANG_WARN_OBJC_ROOT_CLASS = YES_ERROR;
				CLANG_WARN_UNREACHABLE_CODE = YES;
				CLANG_WARN__DUPLICATE_METHOD_MATCH = YES;
				"CODE_SIGN_IDENTITY[sdk=iphoneos*]" = "iPhone Developer";
				COPY_PHASE_STRIP = NO;
				ENABLE_STRICT_OBJC_MSGSEND = YES;
				GCC_C_LANGUAGE_STANDARD = gnu99;
				GCC_DYNAMIC_NO_PIC = NO;
				GCC_OPTIMIZATION_LEVEL = 0;
				GCC_PREPROCESSOR_DEFINITIONS = (
					"DEBUG=1",
					"$(inherited)",
				);
				GCC_SYMBOLS_PRIVATE_EXTERN = NO;
				GCC_WARN_64_TO_32_BIT_CONVERSION = YES;
				GCC_WARN_ABOUT_RETURN_TYPE = YES_ERROR;
				GCC_WARN_UNDECLARED_SELECTOR = YES;
				GCC_WARN_UNINITIALIZED_AUTOS = YES_AGGRESSIVE;
				GCC_WARN_UNUSED_FUNCTION = YES;
				GCC_WARN_UNUSED_VARIABLE = YES;
				IPHONEOS_DEPLOYMENT_TARGET = 8.2;
				MTL_ENABLE_DEBUG_INFO = YES;
				ONLY_ACTIVE_ARCH = YES;
				SDKROOT = iphoneos;
			};
			name = Debug;
		};
		A292BDB51B033E97002DAB71 /* Release */ = {
			isa = XCBuildConfiguration;
			buildSettings = {
				ALWAYS_SEARCH_USER_PATHS = NO;
				CLANG_CXX_LANGUAGE_STANDARD = "gnu++0x";
				CLANG_CXX_LIBRARY = "libc++";
				CLANG_ENABLE_MODULES = YES;
				CLANG_ENABLE_OBJC_ARC = YES;
				CLANG_WARN_BOOL_CONVERSION = YES;
				CLANG_WARN_CONSTANT_CONVERSION = YES;
				CLANG_WARN_DIRECT_OBJC_ISA_USAGE = YES_ERROR;
				CLANG_WARN_EMPTY_BODY = YES;
				CLANG_WARN_ENUM_CONVERSION = YES;
				CLANG_WARN_INT_CONVERSION = YES;
				CLANG_WARN_OBJC_ROOT_CLASS = YES_ERROR;
				CLANG_WARN_UNREACHABLE_CODE = YES;
				CLANG_WARN__DUPLICATE_METHOD_MATCH = YES;
				"CODE_SIGN_IDENTITY[sdk=iphoneos*]" = "iPhone Developer";
				COPY_PHASE_STRIP = NO;
				ENABLE_NS_ASSERTIONS = NO;
				ENABLE_STRICT_OBJC_MSGSEND = YES;
				GCC_C_LANGUAGE_STANDARD = gnu99;
				GCC_WARN_64_TO_32_BIT_CONVERSION = YES;
				GCC_WARN_ABOUT_RETURN_TYPE = YES_ERROR;
				GCC_WARN_UNDECLARED_SELECTOR = YES;
				GCC_WARN_UNINITIALIZED_AUTOS = YES_AGGRESSIVE;
				GCC_WARN_UNUSED_FUNCTION = YES;
				GCC_WARN_UNUSED_VARIABLE = YES;
				IPHONEOS_DEPLOYMENT_TARGET = 8.2;
				MTL_ENABLE_DEBUG_INFO = NO;
				SDKROOT = iphoneos;
				VALIDATE_PRODUCT = YES;
			};
			name = Release;
		};
		A292BDB71B033E97002DAB71 /* Debug */ = {
			isa = XCBuildConfiguration;
			buildSettings = {
				ASSETCATALOG_COMPILER_APPICON_NAME = AppIcon;
				INFOPLIST_FILE = "NSString-RemoveEmoji/Info.plist";
				LD_RUNPATH_SEARCH_PATHS = "$(inherited) @executable_path/Frameworks";
				PRODUCT_NAME = "$(TARGET_NAME)";
			};
			name = Debug;
		};
		A292BDB81B033E97002DAB71 /* Release */ = {
			isa = XCBuildConfiguration;
			buildSettings = {
				ASSETCATALOG_COMPILER_APPICON_NAME = AppIcon;
				INFOPLIST_FILE = "NSString-RemoveEmoji/Info.plist";
				LD_RUNPATH_SEARCH_PATHS = "$(inherited) @executable_path/Frameworks";
				PRODUCT_NAME = "$(TARGET_NAME)";
			};
			name = Release;
		};
/* End XCBuildConfiguration section */

/* Begin XCConfigurationList section */
		A292BD8E1B033E97002DAB71 /* Build configuration list for PBXProject "NSString-RemoveEmoji" */ = {
			isa = XCConfigurationList;
			buildConfigurations = (
				A292BDB41B033E97002DAB71 /* Debug */,
				A292BDB51B033E97002DAB71 /* Release */,
			);
			defaultConfigurationIsVisible = 0;
			defaultConfigurationName = Release;
		};
		A292BDB61B033E97002DAB71 /* Build configuration list for PBXNativeTarget "NSString-RemoveEmoji" */ = {
			isa = XCConfigurationList;
			buildConfigurations = (
				A292BDB71B033E97002DAB71 /* Debug */,
				A292BDB81B033E97002DAB71 /* Release */,
			);
			defaultConfigurationIsVisible = 0;
			defaultConfigurationName = Release;
		};
/* End XCConfigurationList section */
	};
	rootObject = A292BD8B1B033E97002DAB71 /* Project object */;
}
